
Microsoft Visual Studio Solution File, Format Version 12.00
# Visual Studio Version 17
VisualStudioVersion = 17.5.002.0
MinimumVisualStudioVersion = 10.0.40219.1
Project("{9A19103F-16F7-4668-BE54-9A1E7A4F7556}") = "api", "api\api.csproj", "{106F8A41-C5A3-4979-88AE-502971692933}"
EndProject
Global
	GlobalSection(SolutionConfigurationPlatforms) = preSolution
		Debug|Any CPU = Debug|Any CPU
		Release|Any CPU = Release|Any CPU
	EndGlobalSection
	GlobalSection(ProjectConfigurationPlatforms) = postSolution
		{106F8A41-C5A3-4979-88AE-502971692933}.Debug|Any CPU.ActiveCfg = Debug|Any CPU
		{106F8A41-C5A3-4979-88AE-502971692933}.Debug|Any CPU.Build.0 = Debug|Any CPU
		{106F8A41-C5A3-4979-88AE-502971692933}.Release|Any CPU.ActiveCfg = Release|Any CPU
		{106F8A41-C5A3-4979-88AE-502971692933}.Release|Any CPU.Build.0 = Release|Any CPU
	EndGlobalSection
	GlobalSection(SolutionProperties) = preSolution
		HideSolutionNode = FALSE
	EndGlobalSection
	GlobalSection(ExtensibilityGlobals) = postSolution
		SolutionGuid = {D8AFF534-F2F2-46D8-9C42-D91A3EE2EE1A}
	EndGlobalSection
EndGlobal
